
Microsoft Visual Studio Solution File, Format Version 12.00
# Visual Studio 14
VisualStudioVersion = 14.0.25420.1
MinimumVisualStudioVersion = 10.0.40219.1
Project("{FAE04EC0-301F-11D3-BF4B-00C04F79EFBC}") = "AdventOfCode", "AdventOfCode\AdventOfCode.csproj", "{51D40079-41E8-49E0-A9B9-B1CB45035C65}"
EndProject
Project("{FAE04EC0-301F-11D3-BF4B-00C04F79EFBC}") = "AdventOfCode.Tests", "AdventOfCode.Tests\AdventOfCode.Tests.csproj", "{1589F959-D8C1-4C85-BE38-0EF20FFF50B5}"
EndProject
Global
	GlobalSection(SolutionConfigurationPlatforms) = preSolution
		Debug|Any CPU = Debug|Any CPU
		Release|Any CPU = Release|Any CPU
	EndGlobalSection
	GlobalSection(ProjectConfigurationPlatforms) = postSolution
		{51D40079-41E8-49E0-A9B9-B1CB45035C65}.Debug|Any CPU.ActiveCfg = Debug|Any CPU
		{51D40079-41E8-49E0-A9B9-B1CB45035C65}.Debug|Any CPU.Build.0 = Debug|Any CPU
		{51D40079-41E8-49E0-A9B9-B1CB45035C65}.Release|Any CPU.ActiveCfg = Release|Any CPU
		{51D40079-41E8-49E0-A9B9-B1CB45035C65}.Release|Any CPU.Build.0 = Release|Any CPU
		{1589F959-D8C1-4C85-BE38-0EF20FFF50B5}.Debug|Any CPU.ActiveCfg = Debug|Any CPU
		{1589F959-D8C1-4C85-BE38-0EF20FFF50B5}.Debug|Any CPU.Build.0 = Debug|Any CPU
		{1589F959-D8C1-4C85-BE38-0EF20FFF50B5}.Release|Any CPU.ActiveCfg = Release|Any CPU
		{1589F959-D8C1-4C85-BE38-0EF20FFF50B5}.Release|Any CPU.Build.0 = Release|Any CPU
	EndGlobalSection
	GlobalSection(SolutionProperties) = preSolution
		HideSolutionNode = FALSE
	EndGlobalSection
EndGlobal
